// !$*UTF8*$!
{
	archiveVersion = 1;
	classes = {
	};
	objectVersion = 50;
	objects = {

/* Begin PBXBuildFile section */
		270B7E40215C2119008E2FFC /* AppDelegate.swift in Sources */ = {isa = PBXBuildFile; fileRef = 270B7E3F215C2119008E2FFC /* AppDelegate.swift */; };
		270B7E42215C2119008E2FFC /* NoteVC.swift in Sources */ = {isa = PBXBuildFile; fileRef = 270B7E41215C2119008E2FFC /* NoteVC.swift */; };
		270B7E45215C2119008E2FFC /* Main.storyboard in Resources */ = {isa = PBXBuildFile; fileRef = 270B7E43215C2119008E2FFC /* Main.storyboard */; };
		270B7E47215C2119008E2FFC /* Assets.xcassets in Resources */ = {isa = PBXBuildFile; fileRef = 270B7E46215C2119008E2FFC /* Assets.xcassets */; };
		270B7E4A215C2119008E2FFC /* LaunchScreen.storyboard in Resources */ = {isa = PBXBuildFile; fileRef = 270B7E48215C2119008E2FFC /* LaunchScreen.storyboard */; };
		270B7E57215C252D008E2FFC /* Note.swift in Sources */ = {isa = PBXBuildFile; fileRef = 270B7E56215C252D008E2FFC /* Note.swift */; };
		270B7E59215C2595008E2FFC /* LockStatus.swift in Sources */ = {isa = PBXBuildFile; fileRef = 270B7E58215C2595008E2FFC /* LockStatus.swift */; };
		270B7E5B215C2618008E2FFC /* NoteObjects.swift in Sources */ = {isa = PBXBuildFile; fileRef = 270B7E5A215C2618008E2FFC /* NoteObjects.swift */; };
		270B7E5D215C294F008E2FFC /* NoteCell.swift in Sources */ = {isa = PBXBuildFile; fileRef = 270B7E5C215C294F008E2FFC /* NoteCell.swift */; };
		270B7E5F215C2DDF008E2FFC /* NoteDetailVC.swift in Sources */ = {isa = PBXBuildFile; fileRef = 270B7E5E215C2DDF008E2FFC /* NoteDetailVC.swift */; };
		270B7E61215C3B63008E2FFC /* Helpers.swift in Sources */ = {isa = PBXBuildFile; fileRef = 270B7E60215C3B63008E2FFC /* Helpers.swift */; };
/* End PBXBuildFile section */

/* Begin PBXFileReference section */
		270B7E3C215C2119008E2FFC /* touch-face-sqlite.app */ = {isa = PBXFileReference; explicitFileType = wrapper.application; includeInIndex = 0; path = "touch-face-sqlite.app"; sourceTree = BUILT_PRODUCTS_DIR; };
		270B7E3F215C2119008E2FFC /* AppDelegate.swift */ = {isa = PBXFileReference; lastKnownFileType = sourcecode.swift; path = AppDelegate.swift; sourceTree = "<group>"; };
		270B7E41215C2119008E2FFC /* NoteVC.swift */ = {isa = PBXFileReference; lastKnownFileType = sourcecode.swift; path = NoteVC.swift; sourceTree = "<group>"; };
		270B7E44215C2119008E2FFC /* Base */ = {isa = PBXFileReference; lastKnownFileType = file.storyboard; name = Base; path = Base.lproj/Main.storyboard; sourceTree = "<group>"; };
		270B7E46215C2119008E2FFC /* Assets.xcassets */ = {isa = PBXFileReference; lastKnownFileType = folder.assetcatalog; path = Assets.xcassets; sourceTree = "<group>"; };
		270B7E49215C2119008E2FFC /* Base */ = {isa = PBXFileReference; lastKnownFileType = file.storyboard; name = Base; path = Base.lproj/LaunchScreen.storyboard; sourceTree = "<group>"; };
		270B7E4B215C2119008E2FFC /* Info.plist */ = {isa = PBXFileReference; lastKnownFileType = text.plist.xml; path = Info.plist; sourceTree = "<group>"; };
		270B7E56215C252D008E2FFC /* Note.swift */ = {isa = PBXFileReference; lastKnownFileType = sourcecode.swift; path = Note.swift; sourceTree = "<group>"; };
		270B7E58215C2595008E2FFC /* LockStatus.swift */ = {isa = PBXFileReference; lastKnownFileType = sourcecode.swift; path = LockStatus.swift; sourceTree = "<group>"; };
		270B7E5A215C2618008E2FFC /* NoteObjects.swift */ = {isa = PBXFileReference; lastKnownFileType = sourcecode.swift; path = NoteObjects.swift; sourceTree = "<group>"; };
		270B7E5C215C294F008E2FFC /* NoteCell.swift */ = {isa = PBXFileReference; lastKnownFileType = sourcecode.swift; path = NoteCell.swift; sourceTree = "<group>"; };
		270B7E5E215C2DDF008E2FFC /* NoteDetailVC.swift */ = {isa = PBXFileReference; lastKnownFileType = sourcecode.swift; path = NoteDetailVC.swift; sourceTree = "<group>"; };
		270B7E60215C3B63008E2FFC /* Helpers.swift */ = {isa = PBXFileReference; lastKnownFileType = sourcecode.swift; path = Helpers.swift; sourceTree = "<group>"; };
/* End PBXFileReference section */

/* Begin PBXFrameworksBuildPhase section */
		270B7E39215C2119008E2FFC /* Frameworks */ = {
			isa = PBXFrameworksBuildPhase;
			buildActionMask = 2147483647;
			files = (
			);
			runOnlyForDeploymentPostprocessing = 0;
		};
/* End PBXFrameworksBuildPhase section */

/* Begin PBXGroup section */
		270B7E33215C2119008E2FFC = {
			isa = PBXGroup;
			children = (
				270B7E3E215C2119008E2FFC /* touch-face-sqlite */,
				270B7E3D215C2119008E2FFC /* Products */,
			);
			sourceTree = "<group>";
		};
		270B7E3D215C2119008E2FFC /* Products */ = {
			isa = PBXGroup;
			children = (
				270B7E3C215C2119008E2FFC /* touch-face-sqlite.app */,
			);
			name = Products;
			sourceTree = "<group>";
		};
		270B7E3E215C2119008E2FFC /* touch-face-sqlite */ = {
			isa = PBXGroup;
			children = (
				270B7E55215C21AC008E2FFC /* Helpers */,
				270B7E54215C21A5008E2FFC /* Enums */,
				270B7E53215C219E008E2FFC /* Model */,
				270B7E52215C2198008E2FFC /* View */,
				270B7E51215C2189008E2FFC /* Controller */,
				270B7E3F215C2119008E2FFC /* AppDelegate.swift */,
				270B7E43215C2119008E2FFC /* Main.storyboard */,
				270B7E46215C2119008E2FFC /* Assets.xcassets */,
				270B7E48215C2119008E2FFC /* LaunchScreen.storyboard */,
				270B7E4B215C2119008E2FFC /* Info.plist */,
			);
			path = "touch-face-sqlite";
			sourceTree = "<group>";
		};
		270B7E51215C2189008E2FFC /* Controller */ = {
			isa = PBXGroup;
			children = (
				270B7E41215C2119008E2FFC /* NoteVC.swift */,
				270B7E5E215C2DDF008E2FFC /* NoteDetailVC.swift */,
			);
			path = Controller;
			sourceTree = "<group>";
		};
		270B7E52215C2198008E2FFC /* View */ = {
			isa = PBXGroup;
			children = (
				270B7E5C215C294F008E2FFC /* NoteCell.swift */,
			);
			path = View;
			sourceTree = "<group>";
		};
		270B7E53215C219E008E2FFC /* Model */ = {
			isa = PBXGroup;
			children = (
				270B7E56215C252D008E2FFC /* Note.swift */,
			);
			path = Model;
			sourceTree = "<group>";
		};
		270B7E54215C21A5008E2FFC /* Enums */ = {
			isa = PBXGroup;
			children = (
				270B7E58215C2595008E2FFC /* LockStatus.swift */,
			);
			path = Enums;
			sourceTree = "<group>";
		};
		270B7E55215C21AC008E2FFC /* Helpers */ = {
			isa = PBXGroup;
			children = (
				270B7E5A215C2618008E2FFC /* NoteObjects.swift */,
				270B7E60215C3B63008E2FFC /* Helpers.swift */,
			);
			path = Helpers;
			sourceTree = "<group>";
		};
/* End PBXGroup section */

/* Begin PBXNativeTarget section */
		270B7E3B215C2119008E2FFC /* touch-face-sqlite */ = {
			isa = PBXNativeTarget;
			buildConfigurationList = 270B7E4E215C2119008E2FFC /* Build configuration list for PBXNativeTarget "touch-face-sqlite" */;
			buildPhases = (
				270B7E38215C2119008E2FFC /* Sources */,
				270B7E39215C2119008E2FFC /* Frameworks */,
				270B7E3A215C2119008E2FFC /* Resources */,
			);
			buildRules = (
			);
			dependencies = (
			);
			name = "touch-face-sqlite";
			productName = "touch-face";
			productReference = 270B7E3C215C2119008E2FFC /* touch-face-sqlite.app */;
			productType = "com.apple.product-type.application";
		};
/* End PBXNativeTarget section */

/* Begin PBXProject section */
		270B7E34215C2119008E2FFC /* Project object */ = {
			isa = PBXProject;
			attributes = {
				LastSwiftUpdateCheck = 1000;
				LastUpgradeCheck = 1000;
				ORGANIZATIONNAME = "Hammer of the Gods Software";
				TargetAttributes = {
					270B7E3B215C2119008E2FFC = {
						CreatedOnToolsVersion = 10.0;
					};
				};
			};
			buildConfigurationList = 270B7E37215C2119008E2FFC /* Build configuration list for PBXProject "touch-face-sqlite" */;
			compatibilityVersion = "Xcode 9.3";
			developmentRegion = en;
			hasScannedForEncodings = 0;
			knownRegions = (
				en,
				Base,
			);
			mainGroup = 270B7E33215C2119008E2FFC;
			productRefGroup = 270B7E3D215C2119008E2FFC /* Products */;
			projectDirPath = "";
			projectRoot = "";
			targets = (
				270B7E3B215C2119008E2FFC /* touch-face-sqlite */,
			);
		};
/* End PBXProject section */

/* Begin PBXResourcesBuildPhase section */
		270B7E3A215C2119008E2FFC /* Resources */ = {
			isa = PBXResourcesBuildPhase;
			buildActionMask = 2147483647;
			files = (
				270B7E4A215C2119008E2FFC /* LaunchScreen.storyboard in Resources */,
				270B7E47215C2119008E2FFC /* Assets.xcassets in Resources */,
				270B7E45215C2119008E2FFC /* Main.storyboard in Resources */,
			);
			runOnlyForDeploymentPostprocessing = 0;
		};
/* End PBXResourcesBuildPhase section */

/* Begin PBXSourcesBuildPhase section */
		270B7E38215C2119008E2FFC /* Sources */ = {
			isa = PBXSourcesBuildPhase;
			buildActionMask = 2147483647;
			files = (
				270B7E5B215C2618008E2FFC /* NoteObjects.swift in Sources */,
				270B7E5F215C2DDF008E2FFC /* NoteDetailVC.swift in Sources */,
				270B7E59215C2595008E2FFC /* LockStatus.swift in Sources */,
				270B7E61215C3B63008E2FFC /* Helpers.swift in Sources */,
				270B7E42215C2119008E2FFC /* NoteVC.swift in Sources */,
				270B7E5D215C294F008E2FFC /* NoteCell.swift in Sources */,
				270B7E40215C2119008E2FFC /* AppDelegate.swift in Sources */,
				270B7E57215C252D008E2FFC /* Note.swift in Sources */,
			);
			runOnlyForDeploymentPostprocessing = 0;
		};
/* End PBXSourcesBuildPhase section */

/* Begin PBXVariantGroup section */
		270B7E43215C2119008E2FFC /* Main.storyboard */ = {
			isa = PBXVariantGroup;
			children = (
				270B7E44215C2119008E2FFC /* Base */,
			);
			name = Main.storyboard;
			sourceTree = "<group>";
		};
		270B7E48215C2119008E2FFC /* LaunchScreen.storyboard */ = {
			isa = PBXVariantGroup;
			children = (
				270B7E49215C2119008E2FFC /* Base */,
			);
			name = LaunchScreen.storyboard;
			sourceTree = "<group>";
		};
/* End PBXVariantGroup section */

/* Begin XCBuildConfiguration section */
		270B7E4C215C2119008E2FFC /* Debug */ = {
			isa = XCBuildConfiguration;
			buildSettings = {
				ALWAYS_SEARCH_USER_PATHS = NO;
				CLANG_ANALYZER_NONNULL = YES;
				CLANG_ANALYZER_NUMBER_OBJECT_CONVERSION = YES_AGGRESSIVE;
				CLANG_CXX_LANGUAGE_STANDARD = "gnu++14";
				CLANG_CXX_LIBRARY = "libc++";
				CLANG_ENABLE_MODULES = YES;
				CLANG_ENABLE_OBJC_ARC = YES;
				CLANG_ENABLE_OBJC_WEAK = YES;
				CLANG_WARN_BLOCK_CAPTURE_AUTORELEASING = YES;
				CLANG_WARN_BOOL_CONVERSION = YES;
				CLANG_WARN_COMMA = YES;
				CLANG_WARN_CONSTANT_CONVERSION = YES;
				CLANG_WARN_DEPRECATED_OBJC_IMPLEMENTATIONS = YES;
				CLANG_WARN_DIRECT_OBJC_ISA_USAGE = YES_ERROR;
				CLANG_WARN_DOCUMENTATION_COMMENTS = YES;
				CLANG_WARN_EMPTY_BODY = YES;
				CLANG_WARN_ENUM_CONVERSION = YES;
				CLANG_WARN_INFINITE_RECURSION = YES;
				CLANG_WARN_INT_CONVERSION = YES;
				CLANG_WARN_NON_LITERAL_NULL_CONVERSION = YES;
				CLANG_WARN_OBJC_IMPLICIT_RETAIN_SELF = YES;
				CLANG_WARN_OBJC_LITERAL_CONVERSION = YES;
				CLANG_WARN_OBJC_ROOT_CLASS = YES_ERROR;
				CLANG_WARN_RANGE_LOOP_ANALYSIS = YES;
				CLANG_WARN_STRICT_PROTOTYPES = YES;
				CLANG_WARN_SUSPICIOUS_MOVE = YES;
				CLANG_WARN_UNGUARDED_AVAILABILITY = YES_AGGRESSIVE;
				CLANG_WARN_UNREACHABLE_CODE = YES;
				CLANG_WARN__DUPLICATE_METHOD_MATCH = YES;
				CODE_SIGN_IDENTITY = "iPhone Developer";
				COPY_PHASE_STRIP = NO;
				DEBUG_INFORMATION_FORMAT = dwarf;
				ENABLE_STRICT_OBJC_MSGSEND = YES;
				ENABLE_TESTABILITY = YES;
				GCC_C_LANGUAGE_STANDARD = gnu11;
				GCC_DYNAMIC_NO_PIC = NO;
				GCC_NO_COMMON_BLOCKS = YES;
				GCC_OPTIMIZATION_LEVEL = 0;
				GCC_PREPROCESSOR_DEFINITIONS = (
					"DEBUG=1",
					"$(inherited)",
				);
				GCC_WARN_64_TO_32_BIT_CONVERSION = YES;
				GCC_WARN_ABOUT_RETURN_TYPE = YES_ERROR;
				GCC_WARN_UNDECLARED_SELECTOR = YES;
				GCC_WARN_UNINITIALIZED_AUTOS = YES_AGGRESSIVE;
				GCC_WARN_UNUSED_FUNCTION = YES;
				GCC_WARN_UNUSED_VARIABLE = YES;
				IPHONEOS_DEPLOYMENT_TARGET = 12.0;
				MTL_ENABLE_DEBUG_INFO = INCLUDE_SOURCE;
				MTL_FAST_MATH = YES;
				ONLY_ACTIVE_ARCH = YES;
				SDKROOT = iphoneos;
				SWIFT_ACTIVE_COMPILATION_CONDITIONS = DEBUG;
				SWIFT_OPTIMIZATION_LEVEL = "-Onone";
			};
			name = Debug;
		};
		270B7E4D215C2119008E2FFC /* Release */ = {
			isa = XCBuildConfiguration;
			buildSettings = {
				ALWAYS_SEARCH_USER_PATHS = NO;
				CLANG_ANALYZER_NONNULL = YES;
				CLANG_ANALYZER_NUMBER_OBJECT_CONVERSION = YES_AGGRESSIVE;
				CLANG_CXX_LANGUAGE_STANDARD = "gnu++14";
				CLANG_CXX_LIBRARY = "libc++";
				CLANG_ENABLE_MODULES = YES;
				CLANG_ENABLE_OBJC_ARC = YES;
				CLANG_ENABLE_OBJC_WEAK = YES;
				CLANG_WARN_BLOCK_CAPTURE_AUTORELEASING = YES;
				CLANG_WARN_BOOL_CONVERSION = YES;
				CLANG_WARN_COMMA = YES;
				CLANG_WARN_CONSTANT_CONVERSION = YES;
				CLANG_WARN_DEPRECATED_OBJC_IMPLEMENTATIONS = YES;
				CLANG_WARN_DIRECT_OBJC_ISA_USAGE = YES_ERROR;
				CLANG_WARN_DOCUMENTATION_COMMENTS = YES;
				CLANG_WARN_EMPTY_BODY = YES;
				CLANG_WARN_ENUM_CONVERSION = YES;
				CLANG_WARN_INFINITE_RECURSION = YES;
				CLANG_WARN_INT_CONVERSION = YES;
				CLANG_WARN_NON_LITERAL_NULL_CONVERSION = YES;
				CLANG_WARN_OBJC_IMPLICIT_RETAIN_SELF = YES;
				CLANG_WARN_OBJC_LITERAL_CONVERSION = YES;
				CLANG_WARN_OBJC_ROOT_CLASS = YES_ERROR;
				CLANG_WARN_RANGE_LOOP_ANALYSIS = YES;
				CLANG_WARN_STRICT_PROTOTYPES = YES;
				CLANG_WARN_SUSPICIOUS_MOVE = YES;
				CLANG_WARN_UNGUARDED_AVAILABILITY = YES_AGGRESSIVE;
				CLANG_WARN_UNREACHABLE_CODE = YES;
				CLANG_WARN__DUPLICATE_METHOD_MATCH = YES;
				CODE_SIGN_IDENTITY = "iPhone Developer";
				COPY_PHASE_STRIP = NO;
				DEBUG_INFORMATION_FORMAT = "dwarf-with-dsym";
				ENABLE_NS_ASSERTIONS = NO;
				ENABLE_STRICT_OBJC_MSGSEND = YES;
				GCC_C_LANGUAGE_STANDARD = gnu11;
				GCC_NO_COMMON_BLOCKS = YES;
				GCC_WARN_64_TO_32_BIT_CONVERSION = YES;
				GCC_WARN_ABOUT_RETURN_TYPE = YES_ERROR;
				GCC_WARN_UNDECLARED_SELECTOR = YES;
				GCC_WARN_UNINITIALIZED_AUTOS = YES_AGGRESSIVE;
				GCC_WARN_UNUSED_FUNCTION = YES;
				GCC_WARN_UNUSED_VARIABLE = YES;
				IPHONEOS_DEPLOYMENT_TARGET = 12.0;
				MTL_ENABLE_DEBUG_INFO = NO;
				MTL_FAST_MATH = YES;
				SDKROOT = iphoneos;
				SWIFT_COMPILATION_MODE = wholemodule;
				SWIFT_OPTIMIZATION_LEVEL = "-O";
				VALIDATE_PRODUCT = YES;
			};
			name = Release;
		};
		270B7E4F215C2119008E2FFC /* Debug */ = {
			isa = XCBuildConfiguration;
			buildSettings = {
				ASSETCATALOG_COMPILER_APPICON_NAME = AppIcon;
				CODE_SIGN_STYLE = Automatic;
				DEVELOPMENT_TEAM = BLD9C8T4L3;
				INFOPLIST_FILE = "touch-face-sqlite/Info.plist";
				LD_RUNPATH_SEARCH_PATHS = (
					"$(inherited)",
					"@executable_path/Frameworks",
				);
				PRODUCT_BUNDLE_IDENTIFIER = "com.hotgs.touch-face-sqlite";
				PRODUCT_NAME = "$(TARGET_NAME)";
				SWIFT_VERSION = 4.2;
				TARGETED_DEVICE_FAMILY = "1,2";
			};
			name = Debug;
		};
		270B7E50215C2119008E2FFC /* Release */ = {
			isa = XCBuildConfiguration;
			buildSettings = {
				ASSETCATALOG_COMPILER_APPICON_NAME = AppIcon;
				CODE_SIGN_STYLE = Automatic;
				DEVELOPMENT_TEAM = BLD9C8T4L3;
				INFOPLIST_FILE = "touch-face-sqlite/Info.plist";
				LD_RUNPATH_SEARCH_PATHS = (
					"$(inherited)",
					"@executable_path/Frameworks",
				);
				PRODUCT_BUNDLE_IDENTIFIER = "com.hotgs.touch-face-sqlite";
				PRODUCT_NAME = "$(TARGET_NAME)";
				SWIFT_VERSION = 4.2;
				TARGETED_DEVICE_FAMILY = "1,2";
			};
			name = Release;
		};
/* End XCBuildConfiguration section */

/* Begin XCConfigurationList section */
		270B7E37215C2119008E2FFC /* Build configuration list for PBXProject "touch-face-sqlite" */ = {
			isa = XCConfigurationList;
			buildConfigurations = (
				270B7E4C215C2119008E2FFC /* Debug */,
				270B7E4D215C2119008E2FFC /* Release */,
			);
			defaultConfigurationIsVisible = 0;
			defaultConfigurationName = Release;
		};
		270B7E4E215C2119008E2FFC /* Build configuration list for PBXNativeTarget "touch-face-sqlite" */ = {
			isa = XCConfigurationList;
			buildConfigurations = (
				270B7E4F215C2119008E2FFC /* Debug */,
				270B7E50215C2119008E2FFC /* Release */,
			);
			defaultConfigurationIsVisible = 0;
			defaultConfigurationName = Release;
		};
/* End XCConfigurationList section */
	};
	rootObject = 270B7E34215C2119008E2FFC /* Project object */;
}
